
Microsoft Visual Studio Solution File, Format Version 12.00
# Visual Studio Version 17
VisualStudioVersion = 17.13.35825.156 d17.13
MinimumVisualStudioVersion = 10.0.40219.1
Project("{FAE04EC0-301F-11D3-BF4B-00C04F79EFBC}") = "IniConfigTroubleshooting", "IniConfigTroubleshooting.csproj", "{26CA1000-3AA0-4E4B-909C-D9523BBD8681}"
EndProject
Global
	GlobalSection(SolutionConfigurationPlatforms) = preSolution
		Debug|Any CPU = Debug|Any CPU
		Release|Any CPU = Release|Any CPU
	EndGlobalSection
	GlobalSection(ProjectConfigurationPlatforms) = postSolution
		{26CA1000-3AA0-4E4B-909C-D9523BBD8681}.Debug|Any CPU.ActiveCfg = Debug|Any CPU
		{26CA1000-3AA0-4E4B-909C-D9523BBD8681}.Debug|Any CPU.Build.0 = Debug|Any CPU
		{26CA1000-3AA0-4E4B-909C-D9523BBD8681}.Release|Any CPU.ActiveCfg = Release|Any CPU
		{26CA1000-3AA0-4E4B-909C-D9523BBD8681}.Release|Any CPU.Build.0 = Release|Any CPU
	EndGlobalSection
	GlobalSection(SolutionProperties) = preSolution
		HideSolutionNode = FALSE
	EndGlobalSection
	GlobalSection(ExtensibilityGlobals) = postSolution
		SolutionGuid = {3721209C-FC33-435B-B63E-8D598757C5AF}
	EndGlobalSection
EndGlobal
